
Microsoft Visual Studio Solution File, Format Version 12.00
# Visual Studio Version 17
VisualStudioVersion = 17.7.34003.232
MinimumVisualStudioVersion = 10.0.40219.1
Project("{8BC9CEB8-8B4A-11D0-8D11-00A0C91BC942}") = "RayTracer1", "RayTracer1.vcxproj", "{F16BA70E-5FB5-4756-A01B-5979E4764EBC}"
EndProject
Global
	GlobalSection(SolutionConfigurationPlatforms) = preSolution
		Debug|x64 = Debug|x64
		Debug|x86 = Debug|x86
		Release|x64 = Release|x64
		Release|x86 = Release|x86
	EndGlobalSection
	GlobalSection(ProjectConfigurationPlatforms) = postSolution
		{F16BA70E-5FB5-4756-A01B-5979E4764EBC}.Debug|x64.ActiveCfg = Debug|x64
		{F16BA70E-5FB5-4756-A01B-5979E4764EBC}.Debug|x64.Build.0 = Debug|x64
		{F16BA70E-5FB5-4756-A01B-5979E4764EBC}.Debug|x86.ActiveCfg = Debug|Win32
		{F16BA70E-5FB5-4756-A01B-5979E4764EBC}.Debug|x86.Build.0 = Debug|Win32
		{F16BA70E-5FB5-4756-A01B-5979E4764EBC}.Release|x64.ActiveCfg = Release|x64
		{F16BA70E-5FB5-4756-A01B-5979E4764EBC}.Release|x64.Build.0 = Release|x64
		{F16BA70E-5FB5-4756-A01B-5979E4764EBC}.Release|x86.ActiveCfg = Release|Win32
		{F16BA70E-5FB5-4756-A01B-5979E4764EBC}.Release|x86.Build.0 = Release|Win32
	EndGlobalSection
	GlobalSection(SolutionProperties) = preSolution
		HideSolutionNode = FALSE
	EndGlobalSection
	GlobalSection(ExtensibilityGlobals) = postSolution
		SolutionGuid = {A858458B-06A4-4E4D-BA7F-B67794E7236A}
	EndGlobalSection
EndGlobal
